
Microsoft Visual Studio Solution File, Format Version 12.00
# Visual Studio Version 17
VisualStudioVersion = 17.7.34221.43
MinimumVisualStudioVersion = 10.0.40219.1
Project("{FAE04EC0-301F-11D3-BF4B-00C04F79EFBC}") = "WebApplication1", "WebApplication1.csproj", "{E175E7A2-A935-4DE4-A888-E306C4FFB896}"
EndProject
Global
	GlobalSection(SolutionConfigurationPlatforms) = preSolution
		Debug|Any CPU = Debug|Any CPU
		Release|Any CPU = Release|Any CPU
	EndGlobalSection
	GlobalSection(ProjectConfigurationPlatforms) = postSolution
		{E175E7A2-A935-4DE4-A888-E306C4FFB896}.Debug|Any CPU.ActiveCfg = Debug|Any CPU
		{E175E7A2-A935-4DE4-A888-E306C4FFB896}.Debug|Any CPU.Build.0 = Debug|Any CPU
		{E175E7A2-A935-4DE4-A888-E306C4FFB896}.Release|Any CPU.ActiveCfg = Release|Any CPU
		{E175E7A2-A935-4DE4-A888-E306C4FFB896}.Release|Any CPU.Build.0 = Release|Any CPU
	EndGlobalSection
	GlobalSection(SolutionProperties) = preSolution
		HideSolutionNode = FALSE
	EndGlobalSection
	GlobalSection(ExtensibilityGlobals) = postSolution
		SolutionGuid = {A63DD415-F481-4277-BEA7-14AEF5535897}
	EndGlobalSection
EndGlobal
